
Microsoft Visual Studio Solution File, Format Version 12.00
# Visual Studio Version 17
VisualStudioVersion = 17.14.36202.13 d17.14
MinimumVisualStudioVersion = 10.0.40219.1
Project("{FAE04EC0-301F-11D3-BF4B-00C04F79EFBC}") = "Tech_Surge", "Tech_Surge\Tech_Surge.csproj", "{5C3BA77F-7932-48B1-A51D-CC85322AC345}"
EndProject
Global
	GlobalSection(SolutionConfigurationPlatforms) = preSolution
		Debug|Any CPU = Debug|Any CPU
		Release|Any CPU = Release|Any CPU
	EndGlobalSection
	GlobalSection(ProjectConfigurationPlatforms) = postSolution
		{5C3BA77F-7932-48B1-A51D-CC85322AC345}.Debug|Any CPU.ActiveCfg = Debug|Any CPU
		{5C3BA77F-7932-48B1-A51D-CC85322AC345}.Debug|Any CPU.Build.0 = Debug|Any CPU
		{5C3BA77F-7932-48B1-A51D-CC85322AC345}.Release|Any CPU.ActiveCfg = Release|Any CPU
		{5C3BA77F-7932-48B1-A51D-CC85322AC345}.Release|Any CPU.Build.0 = Release|Any CPU
	EndGlobalSection
	GlobalSection(SolutionProperties) = preSolution
		HideSolutionNode = FALSE
	EndGlobalSection
	GlobalSection(ExtensibilityGlobals) = postSolution
		SolutionGuid = {9689A14F-4B09-473E-A84A-D93AAF43A459}
	EndGlobalSection
EndGlobal
